
Microsoft Visual Studio Solution File, Format Version 12.00
# Visual Studio Version 17
VisualStudioVersion = 17.8.34330.188
MinimumVisualStudioVersion = 10.0.40219.1
Project("{8BC9CEB8-8B4A-11D0-8D11-00A0C91BC942}") = "Sandbox", "Sandbox\Sandbox.vcxproj", "{2C7062CD-3F82-4432-853C-90193E655F68}"
EndProject
Project("{8BC9CEB8-8B4A-11D0-8D11-00A0C91BC942}") = "Engine42", "Engine42\Engine42.vcxproj", "{0F245B56-79A4-4F14-A42A-DDF89214DA01}"
EndProject
Global
	GlobalSection(SolutionConfigurationPlatforms) = preSolution
		Debug|x64 = Debug|x64
		Release|x64 = Release|x64
	EndGlobalSection
	GlobalSection(ProjectConfigurationPlatforms) = postSolution
		{0F245B56-79A4-4F14-A42A-DDF89214DA01}.Debug|x64.ActiveCfg = Debug|x64
		{0F245B56-79A4-4F14-A42A-DDF89214DA01}.Debug|x64.Build.0 = Debug|x64
		{0F245B56-79A4-4F14-A42A-DDF89214DA01}.Release|x64.ActiveCfg = Release|x64
		{0F245B56-79A4-4F14-A42A-DDF89214DA01}.Release|x64.Build.0 = Release|x64
		{2C7062CD-3F82-4432-853C-90193E655F68}.Debug|x64.ActiveCfg = Debug|x64
		{2C7062CD-3F82-4432-853C-90193E655F68}.Debug|x64.Build.0 = Debug|x64
		{2C7062CD-3F82-4432-853C-90193E655F68}.Release|x64.ActiveCfg = Release|x64
		{2C7062CD-3F82-4432-853C-90193E655F68}.Release|x64.Build.0 = Release|x64
	EndGlobalSection
	GlobalSection(SolutionProperties) = preSolution
		HideSolutionNode = FALSE
	EndGlobalSection
	GlobalSection(ExtensibilityGlobals) = postSolution
		SolutionGuid = {C504A61C-190F-42DC-AEE1-23D1F1C43A91}
	EndGlobalSection
EndGlobal
