<?xml version="1.0" encoding="utf-8"?>
<Project ToolsVersion="4.0" xmlns="http://schemas.microsoft.com/developer/msbuild/2003">
  <ItemGroup>
    <Filter Include="Engine42">
      <UniqueIdentifier>{8131E534-6DFE-3F40-9617-2EE8824375CE}</UniqueIdentifier>
    </Filter>
  </ItemGroup>
  <ItemGroup>
    <ClInclude Include="src\Engine42.h" />
    <ClInclude Include="src\Engine42\Application.h">
      <Filter>Engine42</Filter>
    </ClInclude>
    <ClInclude Include="src\Engine42\Core.h">
      <Filter>Engine42</Filter>
    </ClInclude>
    <ClInclude Include="src\Engine42\EntryPoint.h">
      <Filter>Engine42</Filter>
    </ClInclude>
    <ClInclude Include="src\Engine42\Log.h">
      <Filter>Engine42</Filter>
    </ClInclude>
  </ItemGroup>
  <ItemGroup>
    <ClCompile Include="src\Engine42\Application.cpp">
      <Filter>Engine42</Filter>
    </ClCompile>
    <ClCompile Include="src\Engine42\Log.cpp">
      <Filter>Engine42</Filter>
    </ClCompile>
  </ItemGroup>
</Project>